
Microsoft Visual Studio Solution File, Format Version 12.00
# Visual Studio Version 16
VisualStudioVersion = 16.0.30711.63
MinimumVisualStudioVersion = 10.0.40219.1
Project("{FAE04EC0-301F-11D3-BF4B-00C04F79EFBC}") = "Minimal network", "Minimal network\Minimal network.csproj", "{8995C4C2-CF49-461B-B1E2-FE5C155F770C}"
EndProject
Global
	GlobalSection(SolutionConfigurationPlatforms) = preSolution
		Debug|Any CPU = Debug|Any CPU
		Release|Any CPU = Release|Any CPU
	EndGlobalSection
	GlobalSection(ProjectConfigurationPlatforms) = postSolution
		{8995C4C2-CF49-461B-B1E2-FE5C155F770C}.Debug|Any CPU.ActiveCfg = Debug|Any CPU
		{8995C4C2-CF49-461B-B1E2-FE5C155F770C}.Debug|Any CPU.Build.0 = Debug|Any CPU
		{8995C4C2-CF49-461B-B1E2-FE5C155F770C}.Release|Any CPU.ActiveCfg = Release|Any CPU
		{8995C4C2-CF49-461B-B1E2-FE5C155F770C}.Release|Any CPU.Build.0 = Release|Any CPU
	EndGlobalSection
	GlobalSection(SolutionProperties) = preSolution
		HideSolutionNode = FALSE
	EndGlobalSection
	GlobalSection(ExtensibilityGlobals) = postSolution
		SolutionGuid = {BEE32C4F-2B45-4BD8-AC09-47D4ADA3E29F}
	EndGlobalSection
EndGlobal
